
Microsoft Visual Studio Solution File, Format Version 12.00
# Visual Studio Version 17
VisualStudioVersion = 17.9.34701.34
MinimumVisualStudioVersion = 10.0.40219.1
Project("{FAE04EC0-301F-11D3-BF4B-00C04F79EFBC}") = "WindowsFormsApp1", "WindowsFormsApp1.csproj", "{72FDDCA0-4F06-41DE-848C-D940D3FA7666}"
EndProject
Global
	GlobalSection(SolutionConfigurationPlatforms) = preSolution
		Debug|Any CPU = Debug|Any CPU
		Release|Any CPU = Release|Any CPU
	EndGlobalSection
	GlobalSection(ProjectConfigurationPlatforms) = postSolution
		{72FDDCA0-4F06-41DE-848C-D940D3FA7666}.Debug|Any CPU.ActiveCfg = Debug|Any CPU
		{72FDDCA0-4F06-41DE-848C-D940D3FA7666}.Debug|Any CPU.Build.0 = Debug|Any CPU
		{72FDDCA0-4F06-41DE-848C-D940D3FA7666}.Release|Any CPU.ActiveCfg = Release|Any CPU
		{72FDDCA0-4F06-41DE-848C-D940D3FA7666}.Release|Any CPU.Build.0 = Release|Any CPU
	EndGlobalSection
	GlobalSection(SolutionProperties) = preSolution
		HideSolutionNode = FALSE
	EndGlobalSection
	GlobalSection(ExtensibilityGlobals) = postSolution
		SolutionGuid = {4F7CE7D8-3F90-4EEE-A179-B603D7ABF3B6}
	EndGlobalSection
EndGlobal
